
Microsoft Visual Studio Solution File, Format Version 12.00
# Visual Studio Version 16
VisualStudioVersion = 16.0.30317.65
MinimumVisualStudioVersion = 15.0.26124.0
Project("{2150E333-8FDC-42A3-9474-1A3956D46DE8}") = "src", "src", "{690719F8-EC52-4D9C-A59A-BE441375EDF4}"
EndProject
Project("{6EC3EE1D-3C4E-46DD-8F32-0CC8E7565705}") = "Server", "src\Server\Server.fsproj", "{B951648B-E708-442D-9559-C3D21AE49C66}"
EndProject
Project("{2150E333-8FDC-42A3-9474-1A3956D46DE8}") = "Clients", "Clients", "{4D41A656-BD7B-42CE-B737-E193DB598D16}"
EndProject
Project("{2150E333-8FDC-42A3-9474-1A3956D46DE8}") = "Solution Items", "Solution Items", "{EBEE3CE4-45E2-4BF7-A2F3-BC903F12DB77}"
	ProjectSection(SolutionItems) = preProject
		.gitignore = .gitignore
		Demo.gif = Demo.gif
		LICENSE = LICENSE
		README.md = README.md
	EndProjectSection
EndProject
Project("{6EC3EE1D-3C4E-46DD-8F32-0CC8E7565705}") = "Chat.Fabulous", "src\Clients\Chat.Fabulous\Chat.Fabulous.fsproj", "{BDB2EE5A-8ABF-4C15-B86A-F3EECB310F28}"
EndProject
Project("{FAE04EC0-301F-11D3-BF4B-00C04F79EFBC}") = "Chat.Fabulous.Droid", "src\Clients\Chat.Fabulous.Droid\Chat.Fabulous.Droid.csproj", "{E73332F2-FA7A-4DE7-9C09-299CCF93983C}"
EndProject
Project("{FAE04EC0-301F-11D3-BF4B-00C04F79EFBC}") = "Chat.Fabulous.Wpf", "src\Clients\Chat.Fabulous.WPF\Chat.Fabulous.Wpf.csproj", "{C038408C-39BE-4D90-B29C-28F7B63DD8D4}"
EndProject
Project("{FAE04EC0-301F-11D3-BF4B-00C04F79EFBC}") = "Chat.Fabulous.GTK", "src\Clients\Chat.Fabulous.GTK\Chat.Fabulous.GTK.csproj", "{DA548844-D689-4E2B-9F9F-81103B68B75D}"
EndProject
Project("{F2A71F9B-5D33-465A-A702-920D77279786}") = "Shared", "src\Shared\Shared.fsproj", "{273D6A8A-28B9-439B-BA88-1E51287C1A02}"
EndProject
Global
	GlobalSection(SolutionConfigurationPlatforms) = preSolution
		Debug|Any CPU = Debug|Any CPU
		Debug|x64 = Debug|x64
		Debug|x86 = Debug|x86
		Release|Any CPU = Release|Any CPU
		Release|x64 = Release|x64
		Release|x86 = Release|x86
	EndGlobalSection
	GlobalSection(ProjectConfigurationPlatforms) = postSolution
		{B951648B-E708-442D-9559-C3D21AE49C66}.Debug|Any CPU.ActiveCfg = Debug|Any CPU
		{B951648B-E708-442D-9559-C3D21AE49C66}.Debug|Any CPU.Build.0 = Debug|Any CPU
		{B951648B-E708-442D-9559-C3D21AE49C66}.Debug|x64.ActiveCfg = Debug|Any CPU
		{B951648B-E708-442D-9559-C3D21AE49C66}.Debug|x64.Build.0 = Debug|Any CPU
		{B951648B-E708-442D-9559-C3D21AE49C66}.Debug|x86.ActiveCfg = Debug|Any CPU
		{B951648B-E708-442D-9559-C3D21AE49C66}.Debug|x86.Build.0 = Debug|Any CPU
		{B951648B-E708-442D-9559-C3D21AE49C66}.Release|Any CPU.ActiveCfg = Release|Any CPU
		{B951648B-E708-442D-9559-C3D21AE49C66}.Release|Any CPU.Build.0 = Release|Any CPU
		{B951648B-E708-442D-9559-C3D21AE49C66}.Release|x64.ActiveCfg = Release|Any CPU
		{B951648B-E708-442D-9559-C3D21AE49C66}.Release|x64.Build.0 = Release|Any CPU
		{B951648B-E708-442D-9559-C3D21AE49C66}.Release|x86.ActiveCfg = Release|Any CPU
		{B951648B-E708-442D-9559-C3D21AE49C66}.Release|x86.Build.0 = Release|Any CPU
		{BDB2EE5A-8ABF-4C15-B86A-F3EECB310F28}.Debug|Any CPU.ActiveCfg = Debug|Any CPU
		{BDB2EE5A-8ABF-4C15-B86A-F3EECB310F28}.Debug|Any CPU.Build.0 = Debug|Any CPU
		{BDB2EE5A-8ABF-4C15-B86A-F3EECB310F28}.Debug|x64.ActiveCfg = Debug|Any CPU
		{BDB2EE5A-8ABF-4C15-B86A-F3EECB310F28}.Debug|x64.Build.0 = Debug|Any CPU
		{BDB2EE5A-8ABF-4C15-B86A-F3EECB310F28}.Debug|x86.ActiveCfg = Debug|Any CPU
		{BDB2EE5A-8ABF-4C15-B86A-F3EECB310F28}.Debug|x86.Build.0 = Debug|Any CPU
		{BDB2EE5A-8ABF-4C15-B86A-F3EECB310F28}.Release|Any CPU.ActiveCfg = Release|Any CPU
		{BDB2EE5A-8ABF-4C15-B86A-F3EECB310F28}.Release|Any CPU.Build.0 = Release|Any CPU
		{BDB2EE5A-8ABF-4C15-B86A-F3EECB310F28}.Release|x64.ActiveCfg = Release|Any CPU
		{BDB2EE5A-8ABF-4C15-B86A-F3EECB310F28}.Release|x64.Build.0 = Release|Any CPU
		{BDB2EE5A-8ABF-4C15-B86A-F3EECB310F28}.Release|x86.ActiveCfg = Release|Any CPU
		{BDB2EE5A-8ABF-4C15-B86A-F3EECB310F28}.Release|x86.Build.0 = Release|Any CPU
		{E73332F2-FA7A-4DE7-9C09-299CCF93983C}.Debug|Any CPU.ActiveCfg = Debug|Any CPU
		{E73332F2-FA7A-4DE7-9C09-299CCF93983C}.Debug|Any CPU.Build.0 = Debug|Any CPU
		{E73332F2-FA7A-4DE7-9C09-299CCF93983C}.Debug|Any CPU.Deploy.0 = Debug|Any CPU
		{E73332F2-FA7A-4DE7-9C09-299CCF93983C}.Debug|x64.ActiveCfg = Debug|Any CPU
		{E73332F2-FA7A-4DE7-9C09-299CCF93983C}.Debug|x64.Build.0 = Debug|Any CPU
		{E73332F2-FA7A-4DE7-9C09-299CCF93983C}.Debug|x64.Deploy.0 = Debug|Any CPU
		{E73332F2-FA7A-4DE7-9C09-299CCF93983C}.Debug|x86.ActiveCfg = Debug|Any CPU
		{E73332F2-FA7A-4DE7-9C09-299CCF93983C}.Debug|x86.Build.0 = Debug|Any CPU
		{E73332F2-FA7A-4DE7-9C09-299CCF93983C}.Debug|x86.Deploy.0 = Debug|Any CPU
		{E73332F2-FA7A-4DE7-9C09-299CCF93983C}.Release|Any CPU.ActiveCfg = Release|Any CPU
		{E73332F2-FA7A-4DE7-9C09-299CCF93983C}.Release|Any CPU.Build.0 = Release|Any CPU
		{E73332F2-FA7A-4DE7-9C09-299CCF93983C}.Release|Any CPU.Deploy.0 = Release|Any CPU
		{E73332F2-FA7A-4DE7-9C09-299CCF93983C}.Release|x64.ActiveCfg = Release|Any CPU
		{E73332F2-FA7A-4DE7-9C09-299CCF93983C}.Release|x64.Build.0 = Release|Any CPU
		{E73332F2-FA7A-4DE7-9C09-299CCF93983C}.Release|x64.Deploy.0 = Release|Any CPU
		{E73332F2-FA7A-4DE7-9C09-299CCF93983C}.Release|x86.ActiveCfg = Release|Any CPU
		{E73332F2-FA7A-4DE7-9C09-299CCF93983C}.Release|x86.Build.0 = Release|Any CPU
		{E73332F2-FA7A-4DE7-9C09-299CCF93983C}.Release|x86.Deploy.0 = Release|Any CPU
		{C038408C-39BE-4D90-B29C-28F7B63DD8D4}.Debug|Any CPU.ActiveCfg = Debug|Any CPU
		{C038408C-39BE-4D90-B29C-28F7B63DD8D4}.Debug|Any CPU.Build.0 = Debug|Any CPU
		{C038408C-39BE-4D90-B29C-28F7B63DD8D4}.Debug|x64.ActiveCfg = Debug|Any CPU
		{C038408C-39BE-4D90-B29C-28F7B63DD8D4}.Debug|x64.Build.0 = Debug|Any CPU
		{C038408C-39BE-4D90-B29C-28F7B63DD8D4}.Debug|x86.ActiveCfg = Debug|Any CPU
		{C038408C-39BE-4D90-B29C-28F7B63DD8D4}.Debug|x86.Build.0 = Debug|Any CPU
		{C038408C-39BE-4D90-B29C-28F7B63DD8D4}.Release|Any CPU.ActiveCfg = Release|Any CPU
		{C038408C-39BE-4D90-B29C-28F7B63DD8D4}.Release|Any CPU.Build.0 = Release|Any CPU
		{C038408C-39BE-4D90-B29C-28F7B63DD8D4}.Release|x64.ActiveCfg = Release|Any CPU
		{C038408C-39BE-4D90-B29C-28F7B63DD8D4}.Release|x64.Build.0 = Release|Any CPU
		{C038408C-39BE-4D90-B29C-28F7B63DD8D4}.Release|x86.ActiveCfg = Release|Any CPU
		{C038408C-39BE-4D90-B29C-28F7B63DD8D4}.Release|x86.Build.0 = Release|Any CPU
		{DA548844-D689-4E2B-9F9F-81103B68B75D}.Debug|Any CPU.ActiveCfg = Debug|Any CPU
		{DA548844-D689-4E2B-9F9F-81103B68B75D}.Debug|Any CPU.Build.0 = Debug|Any CPU
		{DA548844-D689-4E2B-9F9F-81103B68B75D}.Debug|x64.ActiveCfg = Debug|Any CPU
		{DA548844-D689-4E2B-9F9F-81103B68B75D}.Debug|x64.Build.0 = Debug|Any CPU
		{DA548844-D689-4E2B-9F9F-81103B68B75D}.Debug|x86.ActiveCfg = Debug|Any CPU
		{DA548844-D689-4E2B-9F9F-81103B68B75D}.Debug|x86.Build.0 = Debug|Any CPU
		{DA548844-D689-4E2B-9F9F-81103B68B75D}.Release|Any CPU.ActiveCfg = Release|Any CPU
		{DA548844-D689-4E2B-9F9F-81103B68B75D}.Release|Any CPU.Build.0 = Release|Any CPU
		{DA548844-D689-4E2B-9F9F-81103B68B75D}.Release|x64.ActiveCfg = Release|Any CPU
		{DA548844-D689-4E2B-9F9F-81103B68B75D}.Release|x64.Build.0 = Release|Any CPU
		{DA548844-D689-4E2B-9F9F-81103B68B75D}.Release|x86.ActiveCfg = Release|Any CPU
		{DA548844-D689-4E2B-9F9F-81103B68B75D}.Release|x86.Build.0 = Release|Any CPU
		{273D6A8A-28B9-439B-BA88-1E51287C1A02}.Debug|Any CPU.ActiveCfg = Debug|Any CPU
		{273D6A8A-28B9-439B-BA88-1E51287C1A02}.Debug|Any CPU.Build.0 = Debug|Any CPU
		{273D6A8A-28B9-439B-BA88-1E51287C1A02}.Debug|x64.ActiveCfg = Debug|Any CPU
		{273D6A8A-28B9-439B-BA88-1E51287C1A02}.Debug|x64.Build.0 = Debug|Any CPU
		{273D6A8A-28B9-439B-BA88-1E51287C1A02}.Debug|x86.ActiveCfg = Debug|Any CPU
		{273D6A8A-28B9-439B-BA88-1E51287C1A02}.Debug|x86.Build.0 = Debug|Any CPU
		{273D6A8A-28B9-439B-BA88-1E51287C1A02}.Release|Any CPU.ActiveCfg = Release|Any CPU
		{273D6A8A-28B9-439B-BA88-1E51287C1A02}.Release|Any CPU.Build.0 = Release|Any CPU
		{273D6A8A-28B9-439B-BA88-1E51287C1A02}.Release|x64.ActiveCfg = Release|Any CPU
		{273D6A8A-28B9-439B-BA88-1E51287C1A02}.Release|x64.Build.0 = Release|Any CPU
		{273D6A8A-28B9-439B-BA88-1E51287C1A02}.Release|x86.ActiveCfg = Release|Any CPU
		{273D6A8A-28B9-439B-BA88-1E51287C1A02}.Release|x86.Build.0 = Release|Any CPU
	EndGlobalSection
	GlobalSection(SolutionProperties) = preSolution
		HideSolutionNode = FALSE
	EndGlobalSection
	GlobalSection(NestedProjects) = preSolution
		{B951648B-E708-442D-9559-C3D21AE49C66} = {690719F8-EC52-4D9C-A59A-BE441375EDF4}
		{4D41A656-BD7B-42CE-B737-E193DB598D16} = {690719F8-EC52-4D9C-A59A-BE441375EDF4}
		{BDB2EE5A-8ABF-4C15-B86A-F3EECB310F28} = {4D41A656-BD7B-42CE-B737-E193DB598D16}
		{E73332F2-FA7A-4DE7-9C09-299CCF93983C} = {4D41A656-BD7B-42CE-B737-E193DB598D16}
		{C038408C-39BE-4D90-B29C-28F7B63DD8D4} = {4D41A656-BD7B-42CE-B737-E193DB598D16}
		{DA548844-D689-4E2B-9F9F-81103B68B75D} = {4D41A656-BD7B-42CE-B737-E193DB598D16}
		{273D6A8A-28B9-439B-BA88-1E51287C1A02} = {690719F8-EC52-4D9C-A59A-BE441375EDF4}
	EndGlobalSection
	GlobalSection(ExtensibilityGlobals) = postSolution
		SolutionGuid = {DDF6E993-5E78-494B-B2A5-DB9770B011A3}
	EndGlobalSection
EndGlobal
